// !$*UTF8*$!
{
	archiveVersion = 1;
	classes = {
	};
	objectVersion = 50;
	objects = {

/* Begin PBXBuildFile section */
		313C3273A16E07EC4DFA434E /* Pods_SnowPlow.framework in Frameworks */ = {isa = PBXBuildFile; fileRef = 83D1D34CB28CC2BA3FC0A6BD /* Pods_SnowPlow.framework */; };
		846F893E21BEF51A0077EDE1 /* AppDelegate.swift in Sources */ = {isa = PBXBuildFile; fileRef = 846F893D21BEF51A0077EDE1 /* AppDelegate.swift */; };
		846F894021BEF51A0077EDE1 /* ViewController.swift in Sources */ = {isa = PBXBuildFile; fileRef = 846F893F21BEF51A0077EDE1 /* ViewController.swift */; };
		846F894321BEF51A0077EDE1 /* Main.storyboard in Resources */ = {isa = PBXBuildFile; fileRef = 846F894121BEF51A0077EDE1 /* Main.storyboard */; };
		846F894521BEF51B0077EDE1 /* Assets.xcassets in Resources */ = {isa = PBXBuildFile; fileRef = 846F894421BEF51B0077EDE1 /* Assets.xcassets */; };
		846F894821BEF51B0077EDE1 /* LaunchScreen.storyboard in Resources */ = {isa = PBXBuildFile; fileRef = 846F894621BEF51B0077EDE1 /* LaunchScreen.storyboard */; };
/* End PBXBuildFile section */

/* Begin PBXFileReference section */
		83D1D34CB28CC2BA3FC0A6BD /* Pods_SnowPlow.framework */ = {isa = PBXFileReference; explicitFileType = wrapper.framework; includeInIndex = 0; path = Pods_SnowPlow.framework; sourceTree = BUILT_PRODUCTS_DIR; };
		846F893A21BEF51A0077EDE1 /* SnowPlow.app */ = {isa = PBXFileReference; explicitFileType = wrapper.application; includeInIndex = 0; path = SnowPlow.app; sourceTree = BUILT_PRODUCTS_DIR; };
		846F893D21BEF51A0077EDE1 /* AppDelegate.swift */ = {isa = PBXFileReference; lastKnownFileType = sourcecode.swift; path = AppDelegate.swift; sourceTree = "<group>"; };
		846F893F21BEF51A0077EDE1 /* ViewController.swift */ = {isa = PBXFileReference; lastKnownFileType = sourcecode.swift; path = ViewController.swift; sourceTree = "<group>"; };
		846F894221BEF51A0077EDE1 /* Base */ = {isa = PBXFileReference; lastKnownFileType = file.storyboard; name = Base; path = Base.lproj/Main.storyboard; sourceTree = "<group>"; };
		846F894421BEF51B0077EDE1 /* Assets.xcassets */ = {isa = PBXFileReference; lastKnownFileType = folder.assetcatalog; path = Assets.xcassets; sourceTree = "<group>"; };
		846F894721BEF51B0077EDE1 /* Base */ = {isa = PBXFileReference; lastKnownFileType = file.storyboard; name = Base; path = Base.lproj/LaunchScreen.storyboard; sourceTree = "<group>"; };
		846F894921BEF51C0077EDE1 /* Info.plist */ = {isa = PBXFileReference; lastKnownFileType = text.plist.xml; path = Info.plist; sourceTree = "<group>"; };
		8A95E811FA658488435F5190 /* Pods-SnowPlow.debug.xcconfig */ = {isa = PBXFileReference; includeInIndex = 1; lastKnownFileType = text.xcconfig; name = "Pods-SnowPlow.debug.xcconfig"; path = "Pods/Target Support Files/Pods-SnowPlow/Pods-SnowPlow.debug.xcconfig"; sourceTree = "<group>"; };
		F25241A61542B5711FDE4473 /* Pods-SnowPlow.release.xcconfig */ = {isa = PBXFileReference; includeInIndex = 1; lastKnownFileType = text.xcconfig; name = "Pods-SnowPlow.release.xcconfig"; path = "Pods/Target Support Files/Pods-SnowPlow/Pods-SnowPlow.release.xcconfig"; sourceTree = "<group>"; };
/* End PBXFileReference section */

/* Begin PBXFrameworksBuildPhase section */
		846F893721BEF51A0077EDE1 /* Frameworks */ = {
			isa = PBXFrameworksBuildPhase;
			buildActionMask = 2147483647;
			files = (
				313C3273A16E07EC4DFA434E /* Pods_SnowPlow.framework in Frameworks */,
			);
			runOnlyForDeploymentPostprocessing = 0;
		};
/* End PBXFrameworksBuildPhase section */

/* Begin PBXGroup section */
		486747766D62EEBD0FA81D40 /* Pods */ = {
			isa = PBXGroup;
			children = (
				8A95E811FA658488435F5190 /* Pods-SnowPlow.debug.xcconfig */,
				F25241A61542B5711FDE4473 /* Pods-SnowPlow.release.xcconfig */,
			);
			name = Pods;
			sourceTree = "<group>";
		};
		637300A0D64307228BAF7375 /* Frameworks */ = {
			isa = PBXGroup;
			children = (
				83D1D34CB28CC2BA3FC0A6BD /* Pods_SnowPlow.framework */,
			);
			name = Frameworks;
			sourceTree = "<group>";
		};
		846F893121BEF51A0077EDE1 = {
			isa = PBXGroup;
			children = (
				846F893C21BEF51A0077EDE1 /* SnowPlow */,
				846F893B21BEF51A0077EDE1 /* Products */,
				486747766D62EEBD0FA81D40 /* Pods */,
				637300A0D64307228BAF7375 /* Frameworks */,
			);
			sourceTree = "<group>";
		};
		846F893B21BEF51A0077EDE1 /* Products */ = {
			isa = PBXGroup;
			children = (
				846F893A21BEF51A0077EDE1 /* SnowPlow.app */,
			);
			name = Products;
			sourceTree = "<group>";
		};
		846F893C21BEF51A0077EDE1 /* SnowPlow */ = {
			isa = PBXGroup;
			children = (
				846F893D21BEF51A0077EDE1 /* AppDelegate.swift */,
				846F893F21BEF51A0077EDE1 /* ViewController.swift */,
				846F894121BEF51A0077EDE1 /* Main.storyboard */,
				846F894421BEF51B0077EDE1 /* Assets.xcassets */,
				846F894621BEF51B0077EDE1 /* LaunchScreen.storyboard */,
				846F894921BEF51C0077EDE1 /* Info.plist */,
			);
			path = SnowPlow;
			sourceTree = "<group>";
		};
/* End PBXGroup section */

/* Begin PBXNativeTarget section */
		846F893921BEF51A0077EDE1 /* SnowPlow */ = {
			isa = PBXNativeTarget;
			buildConfigurationList = 846F894C21BEF51C0077EDE1 /* Build configuration list for PBXNativeTarget "SnowPlow" */;
			buildPhases = (
				CA3E31EC90B53677B29D08E2 /* [CP] Check Pods Manifest.lock */,
				846F893621BEF51A0077EDE1 /* Sources */,
				846F893721BEF51A0077EDE1 /* Frameworks */,
				846F893821BEF51A0077EDE1 /* Resources */,
				6CF150218E7E0E5DF82412EF /* [CP] Embed Pods Frameworks */,
			);
			buildRules = (
			);
			dependencies = (
			);
			name = SnowPlow;
			productName = SnowPlow;
			productReference = 846F893A21BEF51A0077EDE1 /* SnowPlow.app */;
			productType = "com.apple.product-type.application";
		};
/* End PBXNativeTarget section */

/* Begin PBXProject section */
		846F893221BEF51A0077EDE1 /* Project object */ = {
			isa = PBXProject;
			attributes = {
				LastSwiftUpdateCheck = 1010;
				LastUpgradeCheck = 1010;
				ORGANIZATIONNAME = "Baraty Hannibal Enterprises";
				TargetAttributes = {
					846F893921BEF51A0077EDE1 = {
						CreatedOnToolsVersion = 10.1;
					};
				};
			};
			buildConfigurationList = 846F893521BEF51A0077EDE1 /* Build configuration list for PBXProject "SnowPlow" */;
			compatibilityVersion = "Xcode 9.3";
			developmentRegion = en;
			hasScannedForEncodings = 0;
			knownRegions = (
				en,
				Base,
			);
			mainGroup = 846F893121BEF51A0077EDE1;
			productRefGroup = 846F893B21BEF51A0077EDE1 /* Products */;
			projectDirPath = "";
			projectRoot = "";
			targets = (
				846F893921BEF51A0077EDE1 /* SnowPlow */,
			);
		};
/* End PBXProject section */

/* Begin PBXResourcesBuildPhase section */
		846F893821BEF51A0077EDE1 /* Resources */ = {
			isa = PBXResourcesBuildPhase;
			buildActionMask = 2147483647;
			files = (
				846F894821BEF51B0077EDE1 /* LaunchScreen.storyboard in Resources */,
				846F894521BEF51B0077EDE1 /* Assets.xcassets in Resources */,
				846F894321BEF51A0077EDE1 /* Main.storyboard in Resources */,
			);
			runOnlyForDeploymentPostprocessing = 0;
		};
/* End PBXResourcesBuildPhase section */

/* Begin PBXShellScriptBuildPhase section */
		6CF150218E7E0E5DF82412EF /* [CP] Embed Pods Frameworks */ = {
			isa = PBXShellScriptBuildPhase;
			buildActionMask = 2147483647;
			files = (
			);
			inputFileListPaths = (
			);
			inputPaths = (
				"${SRCROOT}/Pods/Target Support Files/Pods-SnowPlow/Pods-SnowPlow-frameworks.sh",
				"${BUILT_PRODUCTS_DIR}/Bolts/Bolts.framework",
				"${BUILT_PRODUCTS_DIR}/Parse/Parse.framework",
			);
			name = "[CP] Embed Pods Frameworks";
			outputFileListPaths = (
			);
			outputPaths = (
				"${TARGET_BUILD_DIR}/${FRAMEWORKS_FOLDER_PATH}/Bolts.framework",
				"${TARGET_BUILD_DIR}/${FRAMEWORKS_FOLDER_PATH}/Parse.framework",
			);
			runOnlyForDeploymentPostprocessing = 0;
			shellPath = /bin/sh;
			shellScript = "\"${SRCROOT}/Pods/Target Support Files/Pods-SnowPlow/Pods-SnowPlow-frameworks.sh\"\n";
			showEnvVarsInLog = 0;
		};
		CA3E31EC90B53677B29D08E2 /* [CP] Check Pods Manifest.lock */ = {
			isa = PBXShellScriptBuildPhase;
			buildActionMask = 2147483647;
			files = (
			);
			inputFileListPaths = (
			);
			inputPaths = (
				"${PODS_PODFILE_DIR_PATH}/Podfile.lock",
				"${PODS_ROOT}/Manifest.lock",
			);
			name = "[CP] Check Pods Manifest.lock";
			outputFileListPaths = (
			);
			outputPaths = (
				"$(DERIVED_FILE_DIR)/Pods-SnowPlow-checkManifestLockResult.txt",
			);
			runOnlyForDeploymentPostprocessing = 0;
			shellPath = /bin/sh;
			shellScript = "diff \"${PODS_PODFILE_DIR_PATH}/Podfile.lock\" \"${PODS_ROOT}/Manifest.lock\" > /dev/null\nif [ $? != 0 ] ; then\n    # print error to STDERR\n    echo \"error: The sandbox is not in sync with the Podfile.lock. Run 'pod install' or update your CocoaPods installation.\" >&2\n    exit 1\nfi\n# This output is used by Xcode 'outputs' to avoid re-running this script phase.\necho \"SUCCESS\" > \"${SCRIPT_OUTPUT_FILE_0}\"\n";
			showEnvVarsInLog = 0;
		};
/* End PBXShellScriptBuildPhase section */

/* Begin PBXSourcesBuildPhase section */
		846F893621BEF51A0077EDE1 /* Sources */ = {
			isa = PBXSourcesBuildPhase;
			buildActionMask = 2147483647;
			files = (
				846F894021BEF51A0077EDE1 /* ViewController.swift in Sources */,
				846F893E21BEF51A0077EDE1 /* AppDelegate.swift in Sources */,
			);
			runOnlyForDeploymentPostprocessing = 0;
		};
/* End PBXSourcesBuildPhase section */

/* Begin PBXVariantGroup section */
		846F894121BEF51A0077EDE1 /* Main.storyboard */ = {
			isa = PBXVariantGroup;
			children = (
				846F894221BEF51A0077EDE1 /* Base */,
			);
			name = Main.storyboard;
			sourceTree = "<group>";
		};
		846F894621BEF51B0077EDE1 /* LaunchScreen.storyboard */ = {
			isa = PBXVariantGroup;
			children = (
				846F894721BEF51B0077EDE1 /* Base */,
			);
			name = LaunchScreen.storyboard;
			sourceTree = "<group>";
		};
/* End PBXVariantGroup section */

/* Begin XCBuildConfiguration section */
		846F894A21BEF51C0077EDE1 /* Debug */ = {
			isa = XCBuildConfiguration;
			buildSettings = {
				ALWAYS_SEARCH_USER_PATHS = NO;
				CLANG_ANALYZER_NONNULL = YES;
				CLANG_ANALYZER_NUMBER_OBJECT_CONVERSION = YES_AGGRESSIVE;
				CLANG_CXX_LANGUAGE_STANDARD = "gnu++14";
				CLANG_CXX_LIBRARY = "libc++";
				CLANG_ENABLE_MODULES = YES;
				CLANG_ENABLE_OBJC_ARC = YES;
				CLANG_ENABLE_OBJC_WEAK = YES;
				CLANG_WARN_BLOCK_CAPTURE_AUTORELEASING = YES;
				CLANG_WARN_BOOL_CONVERSION = YES;
				CLANG_WARN_COMMA = YES;
				CLANG_WARN_CONSTANT_CONVERSION = YES;
				CLANG_WARN_DEPRECATED_OBJC_IMPLEMENTATIONS = YES;
				CLANG_WARN_DIRECT_OBJC_ISA_USAGE = YES_ERROR;
				CLANG_WARN_DOCUMENTATION_COMMENTS = YES;
				CLANG_WARN_EMPTY_BODY = YES;
				CLANG_WARN_ENUM_CONVERSION = YES;
				CLANG_WARN_INFINITE_RECURSION = YES;
				CLANG_WARN_INT_CONVERSION = YES;
				CLANG_WARN_NON_LITERAL_NULL_CONVERSION = YES;
				CLANG_WARN_OBJC_IMPLICIT_RETAIN_SELF = YES;
				CLANG_WARN_OBJC_LITERAL_CONVERSION = YES;
				CLANG_WARN_OBJC_ROOT_CLASS = YES_ERROR;
				CLANG_WARN_RANGE_LOOP_ANALYSIS = YES;
				CLANG_WARN_STRICT_PROTOTYPES = YES;
				CLANG_WARN_SUSPICIOUS_MOVE = YES;
				CLANG_WARN_UNGUARDED_AVAILABILITY = YES_AGGRESSIVE;
				CLANG_WARN_UNREACHABLE_CODE = YES;
				CLANG_WARN__DUPLICATE_METHOD_MATCH = YES;
				CODE_SIGN_IDENTITY = "iPhone Developer";
				COPY_PHASE_STRIP = NO;
				DEBUG_INFORMATION_FORMAT = dwarf;
				ENABLE_STRICT_OBJC_MSGSEND = YES;
				ENABLE_TESTABILITY = YES;
				GCC_C_LANGUAGE_STANDARD = gnu11;
				GCC_DYNAMIC_NO_PIC = NO;
				GCC_NO_COMMON_BLOCKS = YES;
				GCC_OPTIMIZATION_LEVEL = 0;
				GCC_PREPROCESSOR_DEFINITIONS = (
					"DEBUG=1",
					"$(inherited)",
				);
				GCC_WARN_64_TO_32_BIT_CONVERSION = YES;
				GCC_WARN_ABOUT_RETURN_TYPE = YES_ERROR;
				GCC_WARN_UNDECLARED_SELECTOR = YES;
				GCC_WARN_UNINITIALIZED_AUTOS = YES_AGGRESSIVE;
				GCC_WARN_UNUSED_FUNCTION = YES;
				GCC_WARN_UNUSED_VARIABLE = YES;
				IPHONEOS_DEPLOYMENT_TARGET = 12.1;
				MTL_ENABLE_DEBUG_INFO = INCLUDE_SOURCE;
				MTL_FAST_MATH = YES;
				ONLY_ACTIVE_ARCH = YES;
				SDKROOT = iphoneos;
				SWIFT_ACTIVE_COMPILATION_CONDITIONS = DEBUG;
				SWIFT_OPTIMIZATION_LEVEL = "-Onone";
			};
			name = Debug;
		};
		846F894B21BEF51C0077EDE1 /* Release */ = {
			isa = XCBuildConfiguration;
			buildSettings = {
				ALWAYS_SEARCH_USER_PATHS = NO;
				CLANG_ANALYZER_NONNULL = YES;
				CLANG_ANALYZER_NUMBER_OBJECT_CONVERSION = YES_AGGRESSIVE;
				CLANG_CXX_LANGUAGE_STANDARD = "gnu++14";
				CLANG_CXX_LIBRARY = "libc++";
				CLANG_ENABLE_MODULES = YES;
				CLANG_ENABLE_OBJC_ARC = YES;
				CLANG_ENABLE_OBJC_WEAK = YES;
				CLANG_WARN_BLOCK_CAPTURE_AUTORELEASING = YES;
				CLANG_WARN_BOOL_CONVERSION = YES;
				CLANG_WARN_COMMA = YES;
				CLANG_WARN_CONSTANT_CONVERSION = YES;
				CLANG_WARN_DEPRECATED_OBJC_IMPLEMENTATIONS = YES;
				CLANG_WARN_DIRECT_OBJC_ISA_USAGE = YES_ERROR;
				CLANG_WARN_DOCUMENTATION_COMMENTS = YES;
				CLANG_WARN_EMPTY_BODY = YES;
				CLANG_WARN_ENUM_CONVERSION = YES;
				CLANG_WARN_INFINITE_RECURSION = YES;
				CLANG_WARN_INT_CONVERSION = YES;
				CLANG_WARN_NON_LITERAL_NULL_CONVERSION = YES;
				CLANG_WARN_OBJC_IMPLICIT_RETAIN_SELF = YES;
				CLANG_WARN_OBJC_LITERAL_CONVERSION = YES;
				CLANG_WARN_OBJC_ROOT_CLASS = YES_ERROR;
				CLANG_WARN_RANGE_LOOP_ANALYSIS = YES;
				CLANG_WARN_STRICT_PROTOTYPES = YES;
				CLANG_WARN_SUSPICIOUS_MOVE = YES;
				CLANG_WARN_UNGUARDED_AVAILABILITY = YES_AGGRESSIVE;
				CLANG_WARN_UNREACHABLE_CODE = YES;
				CLANG_WARN__DUPLICATE_METHOD_MATCH = YES;
				CODE_SIGN_IDENTITY = "iPhone Developer";
				COPY_PHASE_STRIP = NO;
				DEBUG_INFORMATION_FORMAT = "dwarf-with-dsym";
				ENABLE_NS_ASSERTIONS = NO;
				ENABLE_STRICT_OBJC_MSGSEND = YES;
				GCC_C_LANGUAGE_STANDARD = gnu11;
				GCC_NO_COMMON_BLOCKS = YES;
				GCC_WARN_64_TO_32_BIT_CONVERSION = YES;
				GCC_WARN_ABOUT_RETURN_TYPE = YES_ERROR;
				GCC_WARN_UNDECLARED_SELECTOR = YES;
				GCC_WARN_UNINITIALIZED_AUTOS = YES_AGGRESSIVE;
				GCC_WARN_UNUSED_FUNCTION = YES;
				GCC_WARN_UNUSED_VARIABLE = YES;
				IPHONEOS_DEPLOYMENT_TARGET = 12.1;
				MTL_ENABLE_DEBUG_INFO = NO;
				MTL_FAST_MATH = YES;
				SDKROOT = iphoneos;
				SWIFT_COMPILATION_MODE = wholemodule;
				SWIFT_OPTIMIZATION_LEVEL = "-O";
				VALIDATE_PRODUCT = YES;
			};
			name = Release;
		};
		846F894D21BEF51C0077EDE1 /* Debug */ = {
			isa = XCBuildConfiguration;
			baseConfigurationReference = 8A95E811FA658488435F5190 /* Pods-SnowPlow.debug.xcconfig */;
			buildSettings = {
				ASSETCATALOG_COMPILER_APPICON_NAME = AppIcon;
				CODE_SIGN_IDENTITY = "iPhone Developer";
				CODE_SIGN_STYLE = Automatic;
				DEVELOPMENT_TEAM = "";
				INFOPLIST_FILE = SnowPlow/Info.plist;
				IPHONEOS_DEPLOYMENT_TARGET = 12.1;
				LD_RUNPATH_SEARCH_PATHS = (
					"$(inherited)",
					"@executable_path/Frameworks",
				);
				PRODUCT_BUNDLE_IDENTIFIER = com.baratyHannibal.SnowPlow;
				PRODUCT_NAME = "$(TARGET_NAME)";
				PROVISIONING_PROFILE_SPECIFIER = "";
				SWIFT_VERSION = 4.2;
				TARGETED_DEVICE_FAMILY = 1;
			};
			name = Debug;
		};
		846F894E21BEF51C0077EDE1 /* Release */ = {
			isa = XCBuildConfiguration;
			baseConfigurationReference = F25241A61542B5711FDE4473 /* Pods-SnowPlow.release.xcconfig */;
			buildSettings = {
				ASSETCATALOG_COMPILER_APPICON_NAME = AppIcon;
				CODE_SIGN_IDENTITY = "iPhone Developer";
				CODE_SIGN_STYLE = Automatic;
				DEVELOPMENT_TEAM = "";
				INFOPLIST_FILE = SnowPlow/Info.plist;
				IPHONEOS_DEPLOYMENT_TARGET = 12.1;
				LD_RUNPATH_SEARCH_PATHS = (
					"$(inherited)",
					"@executable_path/Frameworks",
				);
				PRODUCT_BUNDLE_IDENTIFIER = com.baratyHannibal.SnowPlow;
				PRODUCT_NAME = "$(TARGET_NAME)";
				PROVISIONING_PROFILE_SPECIFIER = "";
				SWIFT_VERSION = 4.2;
				TARGETED_DEVICE_FAMILY = 1;
			};
			name = Release;
		};
/* End XCBuildConfiguration section */

/* Begin XCConfigurationList section */
		846F893521BEF51A0077EDE1 /* Build configuration list for PBXProject "SnowPlow" */ = {
			isa = XCConfigurationList;
			buildConfigurations = (
				846F894A21BEF51C0077EDE1 /* Debug */,
				846F894B21BEF51C0077EDE1 /* Release */,
			);
			defaultConfigurationIsVisible = 0;
			defaultConfigurationName = Release;
		};
		846F894C21BEF51C0077EDE1 /* Build configuration list for PBXNativeTarget "SnowPlow" */ = {
			isa = XCConfigurationList;
			buildConfigurations = (
				846F894D21BEF51C0077EDE1 /* Debug */,
				846F894E21BEF51C0077EDE1 /* Release */,
			);
			defaultConfigurationIsVisible = 0;
			defaultConfigurationName = Release;
		};
/* End XCConfigurationList section */
	};
	rootObject = 846F893221BEF51A0077EDE1 /* Project object */;
}
